
Microsoft Visual Studio Solution File, Format Version 12.00
# Visual Studio Version 16
VisualStudioVersion = 16.0.30204.135
MinimumVisualStudioVersion = 10.0.40219.1
Project("{FAE04EC0-301F-11D3-BF4B-00C04F79EFBC}") = "EmployeeManagement", "EmployeeManagement\EmployeeManagement.csproj", "{28DA9CE6-FA65-49B8-844A-5A18F192908F}"
EndProject
Project("{FAE04EC0-301F-11D3-BF4B-00C04F79EFBC}") = "EmployeeMessages", "EmployeeMessages\EmployeeMessages.csproj", "{BCF91FC2-F598-4200-93B3-9FFD354DCABF}"
EndProject
Project("{FAE04EC0-301F-11D3-BF4B-00C04F79EFBC}") = "EmployeeManagementClient", "EmployeeManagementClient\EmployeeManagementClient.csproj", "{9FC96192-6F63-4974-80CB-38C868A713F8}"
EndProject
Global
	GlobalSection(SolutionConfigurationPlatforms) = preSolution
		Debug|Any CPU = Debug|Any CPU
		Release|Any CPU = Release|Any CPU
	EndGlobalSection
	GlobalSection(ProjectConfigurationPlatforms) = postSolution
		{28DA9CE6-FA65-49B8-844A-5A18F192908F}.Debug|Any CPU.ActiveCfg = Debug|Any CPU
		{28DA9CE6-FA65-49B8-844A-5A18F192908F}.Debug|Any CPU.Build.0 = Debug|Any CPU
		{28DA9CE6-FA65-49B8-844A-5A18F192908F}.Release|Any CPU.ActiveCfg = Release|Any CPU
		{28DA9CE6-FA65-49B8-844A-5A18F192908F}.Release|Any CPU.Build.0 = Release|Any CPU
		{BCF91FC2-F598-4200-93B3-9FFD354DCABF}.Debug|Any CPU.ActiveCfg = Debug|Any CPU
		{BCF91FC2-F598-4200-93B3-9FFD354DCABF}.Debug|Any CPU.Build.0 = Debug|Any CPU
		{BCF91FC2-F598-4200-93B3-9FFD354DCABF}.Release|Any CPU.ActiveCfg = Release|Any CPU
		{BCF91FC2-F598-4200-93B3-9FFD354DCABF}.Release|Any CPU.Build.0 = Release|Any CPU
		{9FC96192-6F63-4974-80CB-38C868A713F8}.Debug|Any CPU.ActiveCfg = Debug|Any CPU
		{9FC96192-6F63-4974-80CB-38C868A713F8}.Debug|Any CPU.Build.0 = Debug|Any CPU
		{9FC96192-6F63-4974-80CB-38C868A713F8}.Release|Any CPU.ActiveCfg = Release|Any CPU
		{9FC96192-6F63-4974-80CB-38C868A713F8}.Release|Any CPU.Build.0 = Release|Any CPU
	EndGlobalSection
	GlobalSection(SolutionProperties) = preSolution
		HideSolutionNode = FALSE
	EndGlobalSection
	GlobalSection(ExtensibilityGlobals) = postSolution
		SolutionGuid = {940C453E-E3F1-48B0-93C3-B88E87A11031}
	EndGlobalSection
EndGlobal
